// !$*UTF8*$!
{
	archiveVersion = 1;
	classes = {
	};
	objectVersion = 50;
	objects = {

/* Begin PBXBuildFile section */
		BC3EBECB21657B9100D82A53 /* AppDelegate.swift in Sources */ = {isa = PBXBuildFile; fileRef = BC3EBECA21657B9100D82A53 /* AppDelegate.swift */; };
		BC3EBECD21657B9100D82A53 /* art.scnassets in Resources */ = {isa = PBXBuildFile; fileRef = BC3EBECC21657B9100D82A53 /* art.scnassets */; };
		BC3EBECF21657B9100D82A53 /* ViewController.swift in Sources */ = {isa = PBXBuildFile; fileRef = BC3EBECE21657B9100D82A53 /* ViewController.swift */; };
		BC3EBED221657B9100D82A53 /* Main.storyboard in Resources */ = {isa = PBXBuildFile; fileRef = BC3EBED021657B9100D82A53 /* Main.storyboard */; };
		BC3EBED421657B9200D82A53 /* Assets.xcassets in Resources */ = {isa = PBXBuildFile; fileRef = BC3EBED321657B9200D82A53 /* Assets.xcassets */; };
		BC3EBED721657B9200D82A53 /* LaunchScreen.storyboard in Resources */ = {isa = PBXBuildFile; fileRef = BC3EBED521657B9200D82A53 /* LaunchScreen.storyboard */; };
		BC7BF6052165D37D00E48669 /* AudioAviao.mp3 in Resources */ = {isa = PBXBuildFile; fileRef = BC7BF6042165D37D00E48669 /* AudioAviao.mp3 */; };
		BC7BF60721669E6C00E48669 /* AddAudio.swift in Sources */ = {isa = PBXBuildFile; fileRef = BC7BF60621669E6C00E48669 /* AddAudio.swift */; };
/* End PBXBuildFile section */

/* Begin PBXFileReference section */
		BC3EBEC721657B9100D82A53 /* ArSoundEffects.app */ = {isa = PBXFileReference; explicitFileType = wrapper.application; includeInIndex = 0; path = ArSoundEffects.app; sourceTree = BUILT_PRODUCTS_DIR; };
		BC3EBECA21657B9100D82A53 /* AppDelegate.swift */ = {isa = PBXFileReference; lastKnownFileType = sourcecode.swift; path = AppDelegate.swift; sourceTree = "<group>"; };
		BC3EBECC21657B9100D82A53 /* art.scnassets */ = {isa = PBXFileReference; lastKnownFileType = wrapper.scnassets; path = art.scnassets; sourceTree = "<group>"; };
		BC3EBECE21657B9100D82A53 /* ViewController.swift */ = {isa = PBXFileReference; lastKnownFileType = sourcecode.swift; path = ViewController.swift; sourceTree = "<group>"; };
		BC3EBED121657B9100D82A53 /* Base */ = {isa = PBXFileReference; lastKnownFileType = file.storyboard; name = Base; path = Base.lproj/Main.storyboard; sourceTree = "<group>"; };
		BC3EBED321657B9200D82A53 /* Assets.xcassets */ = {isa = PBXFileReference; lastKnownFileType = folder.assetcatalog; path = Assets.xcassets; sourceTree = "<group>"; };
		BC3EBED621657B9200D82A53 /* Base */ = {isa = PBXFileReference; lastKnownFileType = file.storyboard; name = Base; path = Base.lproj/LaunchScreen.storyboard; sourceTree = "<group>"; };
		BC3EBED821657B9200D82A53 /* Info.plist */ = {isa = PBXFileReference; lastKnownFileType = text.plist.xml; path = Info.plist; sourceTree = "<group>"; };
		BC7BF6042165D37D00E48669 /* AudioAviao.mp3 */ = {isa = PBXFileReference; lastKnownFileType = audio.mp3; path = AudioAviao.mp3; sourceTree = "<group>"; };
		BC7BF60621669E6C00E48669 /* AddAudio.swift */ = {isa = PBXFileReference; lastKnownFileType = sourcecode.swift; path = AddAudio.swift; sourceTree = "<group>"; };
/* End PBXFileReference section */

/* Begin PBXFrameworksBuildPhase section */
		BC3EBEC421657B9100D82A53 /* Frameworks */ = {
			isa = PBXFrameworksBuildPhase;
			buildActionMask = 2147483647;
			files = (
			);
			runOnlyForDeploymentPostprocessing = 0;
		};
/* End PBXFrameworksBuildPhase section */

/* Begin PBXGroup section */
		BC3EBEBE21657B9100D82A53 = {
			isa = PBXGroup;
			children = (
				BC3EBEC921657B9100D82A53 /* ArSoundEffects */,
				BC3EBEC821657B9100D82A53 /* Products */,
			);
			sourceTree = "<group>";
		};
		BC3EBEC821657B9100D82A53 /* Products */ = {
			isa = PBXGroup;
			children = (
				BC3EBEC721657B9100D82A53 /* ArSoundEffects.app */,
			);
			name = Products;
			sourceTree = "<group>";
		};
		BC3EBEC921657B9100D82A53 /* ArSoundEffects */ = {
			isa = PBXGroup;
			children = (
				BC3EBECA21657B9100D82A53 /* AppDelegate.swift */,
				BC3EBECC21657B9100D82A53 /* art.scnassets */,
				BC3EBECE21657B9100D82A53 /* ViewController.swift */,
				BC7BF6042165D37D00E48669 /* AudioAviao.mp3 */,
				BC3EBED021657B9100D82A53 /* Main.storyboard */,
				BC3EBED321657B9200D82A53 /* Assets.xcassets */,
				BC3EBED521657B9200D82A53 /* LaunchScreen.storyboard */,
				BC3EBED821657B9200D82A53 /* Info.plist */,
				BC7BF60621669E6C00E48669 /* AddAudio.swift */,
			);
			path = ArSoundEffects;
			sourceTree = "<group>";
		};
/* End PBXGroup section */

/* Begin PBXNativeTarget section */
		BC3EBEC621657B9100D82A53 /* ArSoundEffects */ = {
			isa = PBXNativeTarget;
			buildConfigurationList = BC3EBEDB21657B9200D82A53 /* Build configuration list for PBXNativeTarget "ArSoundEffects" */;
			buildPhases = (
				BC3EBEC321657B9100D82A53 /* Sources */,
				BC3EBEC421657B9100D82A53 /* Frameworks */,
				BC3EBEC521657B9100D82A53 /* Resources */,
			);
			buildRules = (
			);
			dependencies = (
			);
			name = ArSoundEffects;
			productName = ArSoundEffects;
			productReference = BC3EBEC721657B9100D82A53 /* ArSoundEffects.app */;
			productType = "com.apple.product-type.application";
		};
/* End PBXNativeTarget section */

/* Begin PBXProject section */
		BC3EBEBF21657B9100D82A53 /* Project object */ = {
			isa = PBXProject;
			attributes = {
				LastSwiftUpdateCheck = 1000;
				LastUpgradeCheck = 1000;
				ORGANIZATIONNAME = "Alexandre Adrega";
				TargetAttributes = {
					BC3EBEC621657B9100D82A53 = {
						CreatedOnToolsVersion = 10.0;
					};
				};
			};
			buildConfigurationList = BC3EBEC221657B9100D82A53 /* Build configuration list for PBXProject "ArSoundEffects" */;
			compatibilityVersion = "Xcode 9.3";
			developmentRegion = en;
			hasScannedForEncodings = 0;
			knownRegions = (
				en,
				Base,
			);
			mainGroup = BC3EBEBE21657B9100D82A53;
			productRefGroup = BC3EBEC821657B9100D82A53 /* Products */;
			projectDirPath = "";
			projectRoot = "";
			targets = (
				BC3EBEC621657B9100D82A53 /* ArSoundEffects */,
			);
		};
/* End PBXProject section */

/* Begin PBXResourcesBuildPhase section */
		BC3EBEC521657B9100D82A53 /* Resources */ = {
			isa = PBXResourcesBuildPhase;
			buildActionMask = 2147483647;
			files = (
				BC3EBECD21657B9100D82A53 /* art.scnassets in Resources */,
				BC7BF6052165D37D00E48669 /* AudioAviao.mp3 in Resources */,
				BC3EBED721657B9200D82A53 /* LaunchScreen.storyboard in Resources */,
				BC3EBED421657B9200D82A53 /* Assets.xcassets in Resources */,
				BC3EBED221657B9100D82A53 /* Main.storyboard in Resources */,
			);
			runOnlyForDeploymentPostprocessing = 0;
		};
/* End PBXResourcesBuildPhase section */

/* Begin PBXSourcesBuildPhase section */
		BC3EBEC321657B9100D82A53 /* Sources */ = {
			isa = PBXSourcesBuildPhase;
			buildActionMask = 2147483647;
			files = (
				BC3EBECF21657B9100D82A53 /* ViewController.swift in Sources */,
				BC7BF60721669E6C00E48669 /* AddAudio.swift in Sources */,
				BC3EBECB21657B9100D82A53 /* AppDelegate.swift in Sources */,
			);
			runOnlyForDeploymentPostprocessing = 0;
		};
/* End PBXSourcesBuildPhase section */

/* Begin PBXVariantGroup section */
		BC3EBED021657B9100D82A53 /* Main.storyboard */ = {
			isa = PBXVariantGroup;
			children = (
				BC3EBED121657B9100D82A53 /* Base */,
			);
			name = Main.storyboard;
			sourceTree = "<group>";
		};
		BC3EBED521657B9200D82A53 /* LaunchScreen.storyboard */ = {
			isa = PBXVariantGroup;
			children = (
				BC3EBED621657B9200D82A53 /* Base */,
			);
			name = LaunchScreen.storyboard;
			sourceTree = "<group>";
		};
/* End PBXVariantGroup section */

/* Begin XCBuildConfiguration section */
		BC3EBED921657B9200D82A53 /* Debug */ = {
			isa = XCBuildConfiguration;
			buildSettings = {
				ALWAYS_SEARCH_USER_PATHS = NO;
				CLANG_ANALYZER_NONNULL = YES;
				CLANG_ANALYZER_NUMBER_OBJECT_CONVERSION = YES_AGGRESSIVE;
				CLANG_CXX_LANGUAGE_STANDARD = "gnu++14";
				CLANG_CXX_LIBRARY = "libc++";
				CLANG_ENABLE_MODULES = YES;
				CLANG_ENABLE_OBJC_ARC = YES;
				CLANG_ENABLE_OBJC_WEAK = YES;
				CLANG_WARN_BLOCK_CAPTURE_AUTORELEASING = YES;
				CLANG_WARN_BOOL_CONVERSION = YES;
				CLANG_WARN_COMMA = YES;
				CLANG_WARN_CONSTANT_CONVERSION = YES;
				CLANG_WARN_DEPRECATED_OBJC_IMPLEMENTATIONS = YES;
				CLANG_WARN_DIRECT_OBJC_ISA_USAGE = YES_ERROR;
				CLANG_WARN_DOCUMENTATION_COMMENTS = YES;
				CLANG_WARN_EMPTY_BODY = YES;
				CLANG_WARN_ENUM_CONVERSION = YES;
				CLANG_WARN_INFINITE_RECURSION = YES;
				CLANG_WARN_INT_CONVERSION = YES;
				CLANG_WARN_NON_LITERAL_NULL_CONVERSION = YES;
				CLANG_WARN_OBJC_IMPLICIT_RETAIN_SELF = YES;
				CLANG_WARN_OBJC_LITERAL_CONVERSION = YES;
				CLANG_WARN_OBJC_ROOT_CLASS = YES_ERROR;
				CLANG_WARN_RANGE_LOOP_ANALYSIS = YES;
				CLANG_WARN_STRICT_PROTOTYPES = YES;
				CLANG_WARN_SUSPICIOUS_MOVE = YES;
				CLANG_WARN_UNGUARDED_AVAILABILITY = YES_AGGRESSIVE;
				CLANG_WARN_UNREACHABLE_CODE = YES;
				CLANG_WARN__DUPLICATE_METHOD_MATCH = YES;
				CODE_SIGN_IDENTITY = "iPhone Developer";
				COPY_PHASE_STRIP = NO;
				DEBUG_INFORMATION_FORMAT = dwarf;
				ENABLE_STRICT_OBJC_MSGSEND = YES;
				ENABLE_TESTABILITY = YES;
				GCC_C_LANGUAGE_STANDARD = gnu11;
				GCC_DYNAMIC_NO_PIC = NO;
				GCC_NO_COMMON_BLOCKS = YES;
				GCC_OPTIMIZATION_LEVEL = 0;
				GCC_PREPROCESSOR_DEFINITIONS = (
					"DEBUG=1",
					"$(inherited)",
				);
				GCC_WARN_64_TO_32_BIT_CONVERSION = YES;
				GCC_WARN_ABOUT_RETURN_TYPE = YES_ERROR;
				GCC_WARN_UNDECLARED_SELECTOR = YES;
				GCC_WARN_UNINITIALIZED_AUTOS = YES_AGGRESSIVE;
				GCC_WARN_UNUSED_FUNCTION = YES;
				GCC_WARN_UNUSED_VARIABLE = YES;
				IPHONEOS_DEPLOYMENT_TARGET = 12.0;
				MTL_ENABLE_DEBUG_INFO = INCLUDE_SOURCE;
				MTL_FAST_MATH = YES;
				ONLY_ACTIVE_ARCH = YES;
				SDKROOT = iphoneos;
				SWIFT_ACTIVE_COMPILATION_CONDITIONS = DEBUG;
				SWIFT_OPTIMIZATION_LEVEL = "-Onone";
			};
			name = Debug;
		};
		BC3EBEDA21657B9200D82A53 /* Release */ = {
			isa = XCBuildConfiguration;
			buildSettings = {
				ALWAYS_SEARCH_USER_PATHS = NO;
				CLANG_ANALYZER_NONNULL = YES;
				CLANG_ANALYZER_NUMBER_OBJECT_CONVERSION = YES_AGGRESSIVE;
				CLANG_CXX_LANGUAGE_STANDARD = "gnu++14";
				CLANG_CXX_LIBRARY = "libc++";
				CLANG_ENABLE_MODULES = YES;
				CLANG_ENABLE_OBJC_ARC = YES;
				CLANG_ENABLE_OBJC_WEAK = YES;
				CLANG_WARN_BLOCK_CAPTURE_AUTORELEASING = YES;
				CLANG_WARN_BOOL_CONVERSION = YES;
				CLANG_WARN_COMMA = YES;
				CLANG_WARN_CONSTANT_CONVERSION = YES;
				CLANG_WARN_DEPRECATED_OBJC_IMPLEMENTATIONS = YES;
				CLANG_WARN_DIRECT_OBJC_ISA_USAGE = YES_ERROR;
				CLANG_WARN_DOCUMENTATION_COMMENTS = YES;
				CLANG_WARN_EMPTY_BODY = YES;
				CLANG_WARN_ENUM_CONVERSION = YES;
				CLANG_WARN_INFINITE_RECURSION = YES;
				CLANG_WARN_INT_CONVERSION = YES;
				CLANG_WARN_NON_LITERAL_NULL_CONVERSION = YES;
				CLANG_WARN_OBJC_IMPLICIT_RETAIN_SELF = YES;
				CLANG_WARN_OBJC_LITERAL_CONVERSION = YES;
				CLANG_WARN_OBJC_ROOT_CLASS = YES_ERROR;
				CLANG_WARN_RANGE_LOOP_ANALYSIS = YES;
				CLANG_WARN_STRICT_PROTOTYPES = YES;
				CLANG_WARN_SUSPICIOUS_MOVE = YES;
				CLANG_WARN_UNGUARDED_AVAILABILITY = YES_AGGRESSIVE;
				CLANG_WARN_UNREACHABLE_CODE = YES;
				CLANG_WARN__DUPLICATE_METHOD_MATCH = YES;
				CODE_SIGN_IDENTITY = "iPhone Developer";
				COPY_PHASE_STRIP = NO;
				DEBUG_INFORMATION_FORMAT = "dwarf-with-dsym";
				ENABLE_NS_ASSERTIONS = NO;
				ENABLE_STRICT_OBJC_MSGSEND = YES;
				GCC_C_LANGUAGE_STANDARD = gnu11;
				GCC_NO_COMMON_BLOCKS = YES;
				GCC_WARN_64_TO_32_BIT_CONVERSION = YES;
				GCC_WARN_ABOUT_RETURN_TYPE = YES_ERROR;
				GCC_WARN_UNDECLARED_SELECTOR = YES;
				GCC_WARN_UNINITIALIZED_AUTOS = YES_AGGRESSIVE;
				GCC_WARN_UNUSED_FUNCTION = YES;
				GCC_WARN_UNUSED_VARIABLE = YES;
				IPHONEOS_DEPLOYMENT_TARGET = 12.0;
				MTL_ENABLE_DEBUG_INFO = NO;
				MTL_FAST_MATH = YES;
				SDKROOT = iphoneos;
				SWIFT_COMPILATION_MODE = wholemodule;
				SWIFT_OPTIMIZATION_LEVEL = "-O";
				VALIDATE_PRODUCT = YES;
			};
			name = Release;
		};
		BC3EBEDC21657B9200D82A53 /* Debug */ = {
			isa = XCBuildConfiguration;
			buildSettings = {
				ASSETCATALOG_COMPILER_APPICON_NAME = AppIcon;
				CODE_SIGN_STYLE = Automatic;
				DEVELOPMENT_TEAM = J3JB5MJ8M4;
				INFOPLIST_FILE = ArSoundEffects/Info.plist;
				LD_RUNPATH_SEARCH_PATHS = (
					"$(inherited)",
					"@executable_path/Frameworks",
				);
				PRODUCT_BUNDLE_IDENTIFIER = Rio.ArSoundEffects;
				PRODUCT_NAME = "$(TARGET_NAME)";
				SWIFT_VERSION = 4.2;
				TARGETED_DEVICE_FAMILY = "1,2";
			};
			name = Debug;
		};
		BC3EBEDD21657B9200D82A53 /* Release */ = {
			isa = XCBuildConfiguration;
			buildSettings = {
				ASSETCATALOG_COMPILER_APPICON_NAME = AppIcon;
				CODE_SIGN_STYLE = Automatic;
				DEVELOPMENT_TEAM = J3JB5MJ8M4;
				INFOPLIST_FILE = ArSoundEffects/Info.plist;
				LD_RUNPATH_SEARCH_PATHS = (
					"$(inherited)",
					"@executable_path/Frameworks",
				);
				PRODUCT_BUNDLE_IDENTIFIER = Rio.ArSoundEffects;
				PRODUCT_NAME = "$(TARGET_NAME)";
				SWIFT_VERSION = 4.2;
				TARGETED_DEVICE_FAMILY = "1,2";
			};
			name = Release;
		};
/* End XCBuildConfiguration section */

/* Begin XCConfigurationList section */
		BC3EBEC221657B9100D82A53 /* Build configuration list for PBXProject "ArSoundEffects" */ = {
			isa = XCConfigurationList;
			buildConfigurations = (
				BC3EBED921657B9200D82A53 /* Debug */,
				BC3EBEDA21657B9200D82A53 /* Release */,
			);
			defaultConfigurationIsVisible = 0;
			defaultConfigurationName = Release;
		};
		BC3EBEDB21657B9200D82A53 /* Build configuration list for PBXNativeTarget "ArSoundEffects" */ = {
			isa = XCConfigurationList;
			buildConfigurations = (
				BC3EBEDC21657B9200D82A53 /* Debug */,
				BC3EBEDD21657B9200D82A53 /* Release */,
			);
			defaultConfigurationIsVisible = 0;
			defaultConfigurationName = Release;
		};
/* End XCConfigurationList section */
	};
	rootObject = BC3EBEBF21657B9100D82A53 /* Project object */;
}
